
Microsoft Visual Studio Solution File, Format Version 12.00
# Visual Studio Version 17
VisualStudioVersion = 17.4.33122.133
MinimumVisualStudioVersion = 10.0.40219.1
Project("{FAE04EC0-301F-11D3-BF4B-00C04F79EFBC}") = "Yanzheng", "Yanzheng\Yanzheng.csproj", "{BB31E877-2F0A-45D2-A694-413BF8FFE0D6}"
EndProject
Global
	GlobalSection(SolutionConfigurationPlatforms) = preSolution
		Debug|Any CPU = Debug|Any CPU
		Release|Any CPU = Release|Any CPU
	EndGlobalSection
	GlobalSection(ProjectConfigurationPlatforms) = postSolution
		{BB31E877-2F0A-45D2-A694-413BF8FFE0D6}.Debug|Any CPU.ActiveCfg = Debug|Any CPU
		{BB31E877-2F0A-45D2-A694-413BF8FFE0D6}.Debug|Any CPU.Build.0 = Debug|Any CPU
		{BB31E877-2F0A-45D2-A694-413BF8FFE0D6}.Release|Any CPU.ActiveCfg = Release|Any CPU
		{BB31E877-2F0A-45D2-A694-413BF8FFE0D6}.Release|Any CPU.Build.0 = Release|Any CPU
	EndGlobalSection
	GlobalSection(SolutionProperties) = preSolution
		HideSolutionNode = FALSE
	EndGlobalSection
	GlobalSection(ExtensibilityGlobals) = postSolution
		SolutionGuid = {32C3779D-B2D3-46B1-8865-5B59B842417D}
	EndGlobalSection
EndGlobal
